
Microsoft Visual Studio Solution File, Format Version 12.00
# Visual Studio Version 17
VisualStudioVersion = 17.4.33403.182
MinimumVisualStudioVersion = 10.0.40219.1
Project("{9A19103F-16F7-4668-BE54-9A1E7A4F7556}") = "AccountTracker", "AccountTracker.csproj", "{69E7D97E-7D3D-4012-8337-85C40892DB03}"
EndProject
Project("{9A19103F-16F7-4668-BE54-9A1E7A4F7556}") = "Domain", "Domain\Domain.csproj", "{E9BAF83C-25F6-4E41-8C9E-0D0D752FAA15}"
EndProject
Project("{9A19103F-16F7-4668-BE54-9A1E7A4F7556}") = "Infrastructure", "Infrastructure\Infrastructure.csproj", "{1C2EB125-EF47-4EDD-8FD3-373E958C62FF}"
EndProject
Project("{FAE04EC0-301F-11D3-BF4B-00C04F79EFBC}") = "AccountTracker.UnitTests", "AccountTracker.UnitTests\AccountTracker.UnitTests.csproj", "{0EC5D4AE-DD74-4DAF-AB35-A72EA91DA20B}"
EndProject
Global
	GlobalSection(SolutionConfigurationPlatforms) = preSolution
		Debug|Any CPU = Debug|Any CPU
		Release|Any CPU = Release|Any CPU
	EndGlobalSection
	GlobalSection(ProjectConfigurationPlatforms) = postSolution
		{69E7D97E-7D3D-4012-8337-85C40892DB03}.Debug|Any CPU.ActiveCfg = Debug|Any CPU
		{69E7D97E-7D3D-4012-8337-85C40892DB03}.Debug|Any CPU.Build.0 = Debug|Any CPU
		{69E7D97E-7D3D-4012-8337-85C40892DB03}.Release|Any CPU.ActiveCfg = Release|Any CPU
		{69E7D97E-7D3D-4012-8337-85C40892DB03}.Release|Any CPU.Build.0 = Release|Any CPU
		{E9BAF83C-25F6-4E41-8C9E-0D0D752FAA15}.Debug|Any CPU.ActiveCfg = Debug|Any CPU
		{E9BAF83C-25F6-4E41-8C9E-0D0D752FAA15}.Debug|Any CPU.Build.0 = Debug|Any CPU
		{E9BAF83C-25F6-4E41-8C9E-0D0D752FAA15}.Release|Any CPU.ActiveCfg = Release|Any CPU
		{E9BAF83C-25F6-4E41-8C9E-0D0D752FAA15}.Release|Any CPU.Build.0 = Release|Any CPU
		{1C2EB125-EF47-4EDD-8FD3-373E958C62FF}.Debug|Any CPU.ActiveCfg = Debug|Any CPU
		{1C2EB125-EF47-4EDD-8FD3-373E958C62FF}.Debug|Any CPU.Build.0 = Debug|Any CPU
		{1C2EB125-EF47-4EDD-8FD3-373E958C62FF}.Release|Any CPU.ActiveCfg = Release|Any CPU
		{1C2EB125-EF47-4EDD-8FD3-373E958C62FF}.Release|Any CPU.Build.0 = Release|Any CPU
		{0EC5D4AE-DD74-4DAF-AB35-A72EA91DA20B}.Debug|Any CPU.ActiveCfg = Debug|Any CPU
		{0EC5D4AE-DD74-4DAF-AB35-A72EA91DA20B}.Debug|Any CPU.Build.0 = Debug|Any CPU
		{0EC5D4AE-DD74-4DAF-AB35-A72EA91DA20B}.Release|Any CPU.ActiveCfg = Release|Any CPU
		{0EC5D4AE-DD74-4DAF-AB35-A72EA91DA20B}.Release|Any CPU.Build.0 = Release|Any CPU
	EndGlobalSection
	GlobalSection(SolutionProperties) = preSolution
		HideSolutionNode = FALSE
	EndGlobalSection
	GlobalSection(ExtensibilityGlobals) = postSolution
		SolutionGuid = {0D097913-C9FD-4808-9817-29348E0CD4A8}
	EndGlobalSection
EndGlobal
